Microsoft Visual Studio Solution File, Format Version 11.00
# Visual Studio 2008

Project("{C4845C37-F77C-34D0-4A33-408B014EFF04}") = "Jason had it Coming", "Assembly-CSharp-firstpass.csproj", "{93206BE7-18AB-46BF-C981-2D134B50FFB4}"
EndProject
Project("{C4845C37-F77C-34D0-4A33-408B014EFF04}") = "Jason had it Coming", "Assembly-CSharp.csproj", "{D7A6CAE6-10F4-2B3C-A234-3485301F7FDA}"
EndProject
Project("{C4845C37-F77C-34D0-4A33-408B014EFF04}") = "Jason had it Coming", "Assembly-UnityScript-firstpass.unityproj", "{15B3AE06-8B7E-C2A6-B517-0106A8715BC1}"
EndProject
Global
	GlobalSection(SolutionConfigurationPlatforms) = preSolution
		Debug|Any CPU = Debug|Any CPU
		Release|Any CPU = Release|Any CPU
	EndGlobalSection
	GlobalSection(ProjectConfigurationPlatforms) = postSolution
		{93206BE7-18AB-46BF-C981-2D134B50FFB4}.Debug|Any CPU.ActiveCfg = Debug|Any CPU
		{93206BE7-18AB-46BF-C981-2D134B50FFB4}.Debug|Any CPU.Build.0 = Debug|Any CPU
		{93206BE7-18AB-46BF-C981-2D134B50FFB4}.Release|Any CPU.ActiveCfg = Release|Any CPU
		{93206BE7-18AB-46BF-C981-2D134B50FFB4}.Release|Any CPU.Build.0 = Release|Any CPU
		{D7A6CAE6-10F4-2B3C-A234-3485301F7FDA}.Debug|Any CPU.ActiveCfg = Debug|Any CPU
		{D7A6CAE6-10F4-2B3C-A234-3485301F7FDA}.Debug|Any CPU.Build.0 = Debug|Any CPU
		{D7A6CAE6-10F4-2B3C-A234-3485301F7FDA}.Release|Any CPU.ActiveCfg = Release|Any CPU
		{D7A6CAE6-10F4-2B3C-A234-3485301F7FDA}.Release|Any CPU.Build.0 = Release|Any CPU
		{15B3AE06-8B7E-C2A6-B517-0106A8715BC1}.Debug|Any CPU.ActiveCfg = Debug|Any CPU
		{15B3AE06-8B7E-C2A6-B517-0106A8715BC1}.Debug|Any CPU.Build.0 = Debug|Any CPU
		{15B3AE06-8B7E-C2A6-B517-0106A8715BC1}.Release|Any CPU.ActiveCfg = Release|Any CPU
		{15B3AE06-8B7E-C2A6-B517-0106A8715BC1}.Release|Any CPU.Build.0 = Release|Any CPU
	EndGlobalSection
	GlobalSection(SolutionProperties) = preSolution
		HideSolutionNode = FALSE
	EndGlobalSection
																										GlobalSection(MonoDevelopProperties) = preSolution
		StartupItem = Assembly-CSharp.csproj
		Policies = $0
		$0.TextStylePolicy = $1
		$1.inheritsSet = null
		$1.scope = text/x-csharp
		$0.CSharpFormattingPolicy = $2
		$2.inheritsSet = Mono
		$2.inheritsScope = text/x-csharp
		$2.scope = text/x-csharp
		$0.TextStylePolicy = $3
		$3.FileWidth = 120
		$3.TabWidth = 4
		$3.EolMarker = Unix
		$3.inheritsSet = Mono
		$3.inheritsScope = text/plain
		$3.scope = text/plain
	EndGlobalSection

EndGlobal
